
Microsoft Visual Studio Solution File, Format Version 12.00
# Visual Studio 14
VisualStudioVersion = 14.0.25420.1
MinimumVisualStudioVersion = 10.0.40219.1
Project("{FAE04EC0-301F-11D3-BF4B-00C04F79EFBC}") = "BookmarksApp", "BookmarksApp\BookmarksApp.csproj", "{362172A5-6931-4A76-8CDF-E7E1F8FD557E}"
EndProject
Project("{FAE04EC0-301F-11D3-BF4B-00C04F79EFBC}") = "BookmarkCore", "BookmarkCore\BookmarkCore.csproj", "{B8EE5608-DB02-433F-B2E6-37DE864C7EC5}"
EndProject
Project("{FAE04EC0-301F-11D3-BF4B-00C04F79EFBC}") = "BookmarkServiceTest", "UnitTestProject2\BookmarkServiceTest.csproj", "{A3FCA531-61FD-4199-A1E1-5A3F56AED8F8}"
EndProject
Global
	GlobalSection(SolutionConfigurationPlatforms) = preSolution
		Debug|Any CPU = Debug|Any CPU
		Release|Any CPU = Release|Any CPU
	EndGlobalSection
	GlobalSection(ProjectConfigurationPlatforms) = postSolution
		{362172A5-6931-4A76-8CDF-E7E1F8FD557E}.Debug|Any CPU.ActiveCfg = Debug|Any CPU
		{362172A5-6931-4A76-8CDF-E7E1F8FD557E}.Debug|Any CPU.Build.0 = Debug|Any CPU
		{362172A5-6931-4A76-8CDF-E7E1F8FD557E}.Release|Any CPU.ActiveCfg = Release|Any CPU
		{362172A5-6931-4A76-8CDF-E7E1F8FD557E}.Release|Any CPU.Build.0 = Release|Any CPU
		{B8EE5608-DB02-433F-B2E6-37DE864C7EC5}.Debug|Any CPU.ActiveCfg = Debug|Any CPU
		{B8EE5608-DB02-433F-B2E6-37DE864C7EC5}.Debug|Any CPU.Build.0 = Debug|Any CPU
		{B8EE5608-DB02-433F-B2E6-37DE864C7EC5}.Release|Any CPU.ActiveCfg = Release|Any CPU
		{B8EE5608-DB02-433F-B2E6-37DE864C7EC5}.Release|Any CPU.Build.0 = Release|Any CPU
		{A3FCA531-61FD-4199-A1E1-5A3F56AED8F8}.Debug|Any CPU.ActiveCfg = Debug|Any CPU
		{A3FCA531-61FD-4199-A1E1-5A3F56AED8F8}.Debug|Any CPU.Build.0 = Debug|Any CPU
		{A3FCA531-61FD-4199-A1E1-5A3F56AED8F8}.Release|Any CPU.ActiveCfg = Release|Any CPU
		{A3FCA531-61FD-4199-A1E1-5A3F56AED8F8}.Release|Any CPU.Build.0 = Release|Any CPU
	EndGlobalSection
	GlobalSection(SolutionProperties) = preSolution
		HideSolutionNode = FALSE
	EndGlobalSection
EndGlobal
