
Microsoft Visual Studio Solution File, Format Version 12.00
# Visual Studio 14
VisualStudioVersion = 14.0.25420.1
MinimumVisualStudioVersion = 10.0.40219.1
Project("{FAE04EC0-301F-11D3-BF4B-00C04F79EFBC}") = "ShoppingCore", "ShoppingCore\ShoppingCore.csproj", "{83331FC6-0536-49B4-B26C-6BC236EEC7B6}"
EndProject
Project("{FAE04EC0-301F-11D3-BF4B-00C04F79EFBC}") = "ShoppingCartAPI", "ShoppingCartAPI\ShoppingCartAPI.csproj", "{C2BD5F65-DD1C-4B58-A210-1EDB291C86F7}"
EndProject
Global
	GlobalSection(SolutionConfigurationPlatforms) = preSolution
		Debug|Any CPU = Debug|Any CPU
		Release|Any CPU = Release|Any CPU
	EndGlobalSection
	GlobalSection(ProjectConfigurationPlatforms) = postSolution
		{83331FC6-0536-49B4-B26C-6BC236EEC7B6}.Debug|Any CPU.ActiveCfg = Debug|Any CPU
		{83331FC6-0536-49B4-B26C-6BC236EEC7B6}.Debug|Any CPU.Build.0 = Debug|Any CPU
		{83331FC6-0536-49B4-B26C-6BC236EEC7B6}.Release|Any CPU.ActiveCfg = Release|Any CPU
		{83331FC6-0536-49B4-B26C-6BC236EEC7B6}.Release|Any CPU.Build.0 = Release|Any CPU
		{C2BD5F65-DD1C-4B58-A210-1EDB291C86F7}.Debug|Any CPU.ActiveCfg = Debug|Any CPU
		{C2BD5F65-DD1C-4B58-A210-1EDB291C86F7}.Debug|Any CPU.Build.0 = Debug|Any CPU
		{C2BD5F65-DD1C-4B58-A210-1EDB291C86F7}.Release|Any CPU.ActiveCfg = Release|Any CPU
		{C2BD5F65-DD1C-4B58-A210-1EDB291C86F7}.Release|Any CPU.Build.0 = Release|Any CPU
	EndGlobalSection
	GlobalSection(SolutionProperties) = preSolution
		HideSolutionNode = FALSE
	EndGlobalSection
EndGlobal
