
Microsoft Visual Studio Solution File, Format Version 12.00
# Visual Studio 14
VisualStudioVersion = 14.0.25420.1
MinimumVisualStudioVersion = 10.0.40219.1
Project("{FAE04EC0-301F-11D3-BF4B-00C04F79EFBC}") = "LINQwithEmployeeApp", "LINQwithEmployeeApp\LINQwithEmployeeApp.csproj", "{FAD6BF1A-778B-43AA-8C29-5548D8992348}"
EndProject
Global
	GlobalSection(SolutionConfigurationPlatforms) = preSolution
		Debug|Any CPU = Debug|Any CPU
		Release|Any CPU = Release|Any CPU
	EndGlobalSection
	GlobalSection(ProjectConfigurationPlatforms) = postSolution
		{FAD6BF1A-778B-43AA-8C29-5548D8992348}.Debug|Any CPU.ActiveCfg = Debug|Any CPU
		{FAD6BF1A-778B-43AA-8C29-5548D8992348}.Debug|Any CPU.Build.0 = Debug|Any CPU
		{FAD6BF1A-778B-43AA-8C29-5548D8992348}.Release|Any CPU.ActiveCfg = Release|Any CPU
		{FAD6BF1A-778B-43AA-8C29-5548D8992348}.Release|Any CPU.Build.0 = Release|Any CPU
	EndGlobalSection
	GlobalSection(SolutionProperties) = preSolution
		HideSolutionNode = FALSE
	EndGlobalSection
EndGlobal
