
Microsoft Visual Studio Solution File, Format Version 12.00
# Visual Studio 14
VisualStudioVersion = 14.0.25420.1
MinimumVisualStudioVersion = 10.0.40219.1
Project("{FAE04EC0-301F-11D3-BF4B-00C04F79EFBC}") = "RicksGuitarApp", "RicksGuitarApp\RicksGuitarApp.csproj", "{03BDFD5E-4D9F-4235-9D8A-96C16757049A}"
EndProject
Global
	GlobalSection(SolutionConfigurationPlatforms) = preSolution
		Debug|Any CPU = Debug|Any CPU
		Release|Any CPU = Release|Any CPU
	EndGlobalSection
	GlobalSection(ProjectConfigurationPlatforms) = postSolution
		{03BDFD5E-4D9F-4235-9D8A-96C16757049A}.Debug|Any CPU.ActiveCfg = Debug|Any CPU
		{03BDFD5E-4D9F-4235-9D8A-96C16757049A}.Debug|Any CPU.Build.0 = Debug|Any CPU
		{03BDFD5E-4D9F-4235-9D8A-96C16757049A}.Release|Any CPU.ActiveCfg = Release|Any CPU
		{03BDFD5E-4D9F-4235-9D8A-96C16757049A}.Release|Any CPU.Build.0 = Release|Any CPU
	EndGlobalSection
	GlobalSection(SolutionProperties) = preSolution
		HideSolutionNode = FALSE
	EndGlobalSection
EndGlobal
